
Microsoft Visual Studio Solution File, Format Version 12.00
# Visual Studio Version 17
VisualStudioVersion = 17.7.34018.315
MinimumVisualStudioVersion = 10.0.40219.1
Project("{9A19103F-16F7-4668-BE54-9A1E7A4F7556}") = "ProductsRegister.Business", "src\ProductsRegister.Business\ProductsRegister.Business.csproj", "{FA91CE9E-1E94-42A7-B0FF-9B321A90F149}"
EndProject
Project("{9A19103F-16F7-4668-BE54-9A1E7A4F7556}") = "ProductsRegister.Data", "src\ProductsRegister.Data\ProductsRegister.Data.csproj", "{89AF4C3F-A55B-4EC2-BA85-D4EFB6137FA5}"
EndProject
Project("{FAE04EC0-301F-11D3-BF4B-00C04F79EFBC}") = "ProductsRegister.API", "src\ProductsRegister.API\ProductsRegister.API.csproj", "{EE04323D-F77A-4FA9-B7A0-09E872A851EA}"
EndProject
Global
	GlobalSection(SolutionConfigurationPlatforms) = preSolution
		Debug|Any CPU = Debug|Any CPU
		Release|Any CPU = Release|Any CPU
	EndGlobalSection
	GlobalSection(ProjectConfigurationPlatforms) = postSolution
		{FA91CE9E-1E94-42A7-B0FF-9B321A90F149}.Debug|Any CPU.ActiveCfg = Debug|Any CPU
		{FA91CE9E-1E94-42A7-B0FF-9B321A90F149}.Debug|Any CPU.Build.0 = Debug|Any CPU
		{FA91CE9E-1E94-42A7-B0FF-9B321A90F149}.Release|Any CPU.ActiveCfg = Release|Any CPU
		{FA91CE9E-1E94-42A7-B0FF-9B321A90F149}.Release|Any CPU.Build.0 = Release|Any CPU
		{89AF4C3F-A55B-4EC2-BA85-D4EFB6137FA5}.Debug|Any CPU.ActiveCfg = Debug|Any CPU
		{89AF4C3F-A55B-4EC2-BA85-D4EFB6137FA5}.Debug|Any CPU.Build.0 = Debug|Any CPU
		{89AF4C3F-A55B-4EC2-BA85-D4EFB6137FA5}.Release|Any CPU.ActiveCfg = Release|Any CPU
		{89AF4C3F-A55B-4EC2-BA85-D4EFB6137FA5}.Release|Any CPU.Build.0 = Release|Any CPU
		{EE04323D-F77A-4FA9-B7A0-09E872A851EA}.Debug|Any CPU.ActiveCfg = Debug|Any CPU
		{EE04323D-F77A-4FA9-B7A0-09E872A851EA}.Debug|Any CPU.Build.0 = Debug|Any CPU
		{EE04323D-F77A-4FA9-B7A0-09E872A851EA}.Release|Any CPU.ActiveCfg = Release|Any CPU
		{EE04323D-F77A-4FA9-B7A0-09E872A851EA}.Release|Any CPU.Build.0 = Release|Any CPU
	EndGlobalSection
	GlobalSection(SolutionProperties) = preSolution
		HideSolutionNode = FALSE
	EndGlobalSection
	GlobalSection(ExtensibilityGlobals) = postSolution
		SolutionGuid = {B34AF34F-528A-49BB-A519-68CFA4FC2B49}
	EndGlobalSection
EndGlobal
